
Microsoft Visual Studio Solution File, Format Version 12.00
# Visual Studio Version 16
VisualStudioVersion = 16.0.31729.503
MinimumVisualStudioVersion = 10.0.40219.1
Project("{FAE04EC0-301F-11D3-BF4B-00C04F79EFBC}") = "StackLayout Tutorial.Android", "StackLayout Tutorial\StackLayout Tutorial.Android\StackLayout Tutorial.Android.csproj", "{B1640EEB-2BA4-49E7-A713-774129FF0B97}"
EndProject
Project("{FAE04EC0-301F-11D3-BF4B-00C04F79EFBC}") = "StackLayout Tutorial.iOS", "StackLayout Tutorial\StackLayout Tutorial.iOS\StackLayout Tutorial.iOS.csproj", "{4CAC98FF-DDDA-4948-872B-9C693F855E27}"
EndProject
Project("{FAE04EC0-301F-11D3-BF4B-00C04F79EFBC}") = "StackLayout Tutorial", "StackLayout Tutorial\StackLayout Tutorial\StackLayout Tutorial.csproj", "{36F1DBE2-ECD6-487F-92BF-0B78A2A9069A}"
EndProject
Global
	GlobalSection(SolutionConfigurationPlatforms) = preSolution
		Debug|Any CPU = Debug|Any CPU
		Debug|iPhone = Debug|iPhone
		Debug|iPhoneSimulator = Debug|iPhoneSimulator
		Release|Any CPU = Release|Any CPU
		Release|iPhone = Release|iPhone
		Release|iPhoneSimulator = Release|iPhoneSimulator
	EndGlobalSection
	GlobalSection(ProjectConfigurationPlatforms) = postSolution
		{B1640EEB-2BA4-49E7-A713-774129FF0B97}.Debug|Any CPU.ActiveCfg = Debug|Any CPU
		{B1640EEB-2BA4-49E7-A713-774129FF0B97}.Debug|Any CPU.Build.0 = Debug|Any CPU
		{B1640EEB-2BA4-49E7-A713-774129FF0B97}.Debug|Any CPU.Deploy.0 = Debug|Any CPU
		{B1640EEB-2BA4-49E7-A713-774129FF0B97}.Debug|iPhone.ActiveCfg = Debug|Any CPU
		{B1640EEB-2BA4-49E7-A713-774129FF0B97}.Debug|iPhone.Build.0 = Debug|Any CPU
		{B1640EEB-2BA4-49E7-A713-774129FF0B97}.Debug|iPhone.Deploy.0 = Debug|Any CPU
		{B1640EEB-2BA4-49E7-A713-774129FF0B97}.Debug|iPhoneSimulator.ActiveCfg = Debug|Any CPU
		{B1640EEB-2BA4-49E7-A713-774129FF0B97}.Debug|iPhoneSimulator.Build.0 = Debug|Any CPU
		{B1640EEB-2BA4-49E7-A713-774129FF0B97}.Debug|iPhoneSimulator.Deploy.0 = Debug|Any CPU
		{B1640EEB-2BA4-49E7-A713-774129FF0B97}.Release|Any CPU.ActiveCfg = Release|Any CPU
		{B1640EEB-2BA4-49E7-A713-774129FF0B97}.Release|Any CPU.Build.0 = Release|Any CPU
		{B1640EEB-2BA4-49E7-A713-774129FF0B97}.Release|Any CPU.Deploy.0 = Release|Any CPU
		{B1640EEB-2BA4-49E7-A713-774129FF0B97}.Release|iPhone.ActiveCfg = Release|Any CPU
		{B1640EEB-2BA4-49E7-A713-774129FF0B97}.Release|iPhone.Build.0 = Release|Any CPU
		{B1640EEB-2BA4-49E7-A713-774129FF0B97}.Release|iPhone.Deploy.0 = Release|Any CPU
		{B1640EEB-2BA4-49E7-A713-774129FF0B97}.Release|iPhoneSimulator.ActiveCfg = Release|Any CPU
		{B1640EEB-2BA4-49E7-A713-774129FF0B97}.Release|iPhoneSimulator.Build.0 = Release|Any CPU
		{B1640EEB-2BA4-49E7-A713-774129FF0B97}.Release|iPhoneSimulator.Deploy.0 = Release|Any CPU
		{4CAC98FF-DDDA-4948-872B-9C693F855E27}.Debug|Any CPU.ActiveCfg = Debug|iPhone
		{4CAC98FF-DDDA-4948-872B-9C693F855E27}.Debug|Any CPU.Build.0 = Debug|iPhone
		{4CAC98FF-DDDA-4948-872B-9C693F855E27}.Debug|Any CPU.Deploy.0 = Debug|iPhone
		{4CAC98FF-DDDA-4948-872B-9C693F855E27}.Debug|iPhone.ActiveCfg = Debug|iPhone
		{4CAC98FF-DDDA-4948-872B-9C693F855E27}.Debug|iPhone.Build.0 = Debug|iPhone
		{4CAC98FF-DDDA-4948-872B-9C693F855E27}.Debug|iPhone.Deploy.0 = Debug|iPhone
		{4CAC98FF-DDDA-4948-872B-9C693F855E27}.Debug|iPhoneSimulator.ActiveCfg = Debug|iPhoneSimulator
		{4CAC98FF-DDDA-4948-872B-9C693F855E27}.Debug|iPhoneSimulator.Build.0 = Debug|iPhoneSimulator
		{4CAC98FF-DDDA-4948-872B-9C693F855E27}.Debug|iPhoneSimulator.Deploy.0 = Debug|iPhoneSimulator
		{4CAC98FF-DDDA-4948-872B-9C693F855E27}.Release|Any CPU.ActiveCfg = Release|iPhoneSimulator
		{4CAC98FF-DDDA-4948-872B-9C693F855E27}.Release|Any CPU.Build.0 = Release|iPhoneSimulator
		{4CAC98FF-DDDA-4948-872B-9C693F855E27}.Release|Any CPU.Deploy.0 = Release|iPhoneSimulator
		{4CAC98FF-DDDA-4948-872B-9C693F855E27}.Release|iPhone.ActiveCfg = Release|iPhone
		{4CAC98FF-DDDA-4948-872B-9C693F855E27}.Release|iPhone.Build.0 = Release|iPhone
		{4CAC98FF-DDDA-4948-872B-9C693F855E27}.Release|iPhone.Deploy.0 = Release|iPhone
		{4CAC98FF-DDDA-4948-872B-9C693F855E27}.Release|iPhoneSimulator.ActiveCfg = Release|iPhoneSimulator
		{4CAC98FF-DDDA-4948-872B-9C693F855E27}.Release|iPhoneSimulator.Build.0 = Release|iPhoneSimulator
		{4CAC98FF-DDDA-4948-872B-9C693F855E27}.Release|iPhoneSimulator.Deploy.0 = Release|iPhoneSimulator
		{36F1DBE2-ECD6-487F-92BF-0B78A2A9069A}.Debug|Any CPU.ActiveCfg = Debug|Any CPU
		{36F1DBE2-ECD6-487F-92BF-0B78A2A9069A}.Debug|Any CPU.Build.0 = Debug|Any CPU
		{36F1DBE2-ECD6-487F-92BF-0B78A2A9069A}.Debug|Any CPU.Deploy.0 = Debug|Any CPU
		{36F1DBE2-ECD6-487F-92BF-0B78A2A9069A}.Debug|iPhone.ActiveCfg = Debug|Any CPU
		{36F1DBE2-ECD6-487F-92BF-0B78A2A9069A}.Debug|iPhone.Build.0 = Debug|Any CPU
		{36F1DBE2-ECD6-487F-92BF-0B78A2A9069A}.Debug|iPhone.Deploy.0 = Debug|Any CPU
		{36F1DBE2-ECD6-487F-92BF-0B78A2A9069A}.Debug|iPhoneSimulator.ActiveCfg = Debug|Any CPU
		{36F1DBE2-ECD6-487F-92BF-0B78A2A9069A}.Debug|iPhoneSimulator.Build.0 = Debug|Any CPU
		{36F1DBE2-ECD6-487F-92BF-0B78A2A9069A}.Debug|iPhoneSimulator.Deploy.0 = Debug|Any CPU
		{36F1DBE2-ECD6-487F-92BF-0B78A2A9069A}.Release|Any CPU.ActiveCfg = Release|Any CPU
		{36F1DBE2-ECD6-487F-92BF-0B78A2A9069A}.Release|Any CPU.Build.0 = Release|Any CPU
		{36F1DBE2-ECD6-487F-92BF-0B78A2A9069A}.Release|Any CPU.Deploy.0 = Release|Any CPU
		{36F1DBE2-ECD6-487F-92BF-0B78A2A9069A}.Release|iPhone.ActiveCfg = Release|Any CPU
		{36F1DBE2-ECD6-487F-92BF-0B78A2A9069A}.Release|iPhone.Build.0 = Release|Any CPU
		{36F1DBE2-ECD6-487F-92BF-0B78A2A9069A}.Release|iPhone.Deploy.0 = Release|Any CPU
		{36F1DBE2-ECD6-487F-92BF-0B78A2A9069A}.Release|iPhoneSimulator.ActiveCfg = Release|Any CPU
		{36F1DBE2-ECD6-487F-92BF-0B78A2A9069A}.Release|iPhoneSimulator.Build.0 = Release|Any CPU
		{36F1DBE2-ECD6-487F-92BF-0B78A2A9069A}.Release|iPhoneSimulator.Deploy.0 = Release|Any CPU
	EndGlobalSection
	GlobalSection(SolutionProperties) = preSolution
		HideSolutionNode = FALSE
	EndGlobalSection
	GlobalSection(ExtensibilityGlobals) = postSolution
		SolutionGuid = {3272C711-92C1-4880-9ABB-031710425D66}
	EndGlobalSection
EndGlobal
